// !$*UTF8*$!
{
	archiveVersion = 1;
	classes = {
	};
	objectVersion = 46;
	objects = {

/* Begin PBXBuildFile section */
		3FA3DFBC900D4294BD286891 /* libCIMLua.a in Frameworks */ = {isa = PBXBuildFile; fileRef = AA755FD87E3345BAA9EA5855 /* libCIMLua.a */; };
		46B1EC57DA5C5911D8F114DD /* libCIMLuaBindingUIKit.a in Frameworks */ = {isa = PBXBuildFile; fileRef = F46B0E96072D83408516F5C4 /* libCIMLuaBindingUIKit.a */; };
		7CDA08890B354839B4F155D5 /* MobileCoreServices.framework in Frameworks */ = {isa = PBXBuildFile; fileRef = CEBC886901DD4D05BA234FFA /* MobileCoreServices.framework */; };
		8450A7FB2324418CA95D56F4 /* UIKit.framework in Frameworks */ = {isa = PBXBuildFile; fileRef = EB8A3485439943489870295D /* UIKit.framework */; };
		8C4BF529F2424D1995F69CCB /* CoreGraphics.framework in Frameworks */ = {isa = PBXBuildFile; fileRef = CE86548B59E1413987B3D739 /* CoreGraphics.framework */; };
		8EFB38310B6CC1A7F0594993 /* libCIMLuaBindingFoundation.a in Frameworks */ = {isa = PBXBuildFile; fileRef = E370A2865EDEF806AAD48D38 /* libCIMLuaBindingFoundation.a */; };
		C54ACE25E5BA4D1CBF84C203 /* libCIMLuaDebugServerIOS.a in Frameworks */ = {isa = PBXBuildFile; fileRef = E563D851C4D64233A7481053 /* libCIMLuaDebugServerIOS.a */; };
		FD4557A6170C5C0F0086A88D /* InfoPlist.strings in Resources */ = {isa = PBXBuildFile; fileRef = FD4557A4170C5C0F0086A88D /* InfoPlist.strings */; };
		FD4557A8170C5C0F0086A88D /* main.m in Sources */ = {isa = PBXBuildFile; fileRef = FD4557A7170C5C0F0086A88D /* main.m */; };
		FD4557AC170C5C0F0086A88D /* CIMAppDelegate.m in Sources */ = {isa = PBXBuildFile; fileRef = FD4557AB170C5C0F0086A88D /* CIMAppDelegate.m */; };
		FD4557B0170C5C0F0086A88D /* Default@2x.png in Resources */ = {isa = PBXBuildFile; fileRef = FD4557AF170C5C0F0086A88D /* Default@2x.png */; };
		FD4557B2170C5C0F0086A88D /* Default-568h@2x.png in Resources */ = {isa = PBXBuildFile; fileRef = FD4557B1170C5C0F0086A88D /* Default-568h@2x.png */; };
		FD4557C2170C5C7D0086A88D /* MainWindow.xib in Resources */ = {isa = PBXBuildFile; fileRef = FD4557BD170C5C7D0086A88D /* MainWindow.xib */; };
		FD4557C4170C5CA50086A88D /* Default.png in Resources */ = {isa = PBXBuildFile; fileRef = FD4557C3170C5CA50086A88D /* Default.png */; };
		FD4C5F9C19E98EFE004DB02E /* DetailViewController.m in Sources */ = {isa = PBXBuildFile; fileRef = FD4C5F9B19E98EFE004DB02E /* DetailViewController.m */; };
		FD4C5F9E19E991E5004DB02E /* DetailViewController.xib in Resources */ = {isa = PBXBuildFile; fileRef = FD4C5F9D19E991E5004DB02E /* DetailViewController.xib */; };
		FD5D768218B65FA50011B871 /* Foundation.framework in Frameworks */ = {isa = PBXBuildFile; fileRef = FD45579D170C5C0F0086A88D /* Foundation.framework */; };
		FDC547AB18DD9B39004EB442 /* fruit-basket.jpg in Resources */ = {isa = PBXBuildFile; fileRef = FDC547AA18DD9B39004EB442 /* fruit-basket.jpg */; };
/* End PBXBuildFile section */

/* Begin PBXCopyFilesBuildPhase section */
		FD6F461418E02E1A00208EF1 /* CopyFiles */ = {
			isa = PBXCopyFilesBuildPhase;
			buildActionMask = 2147483647;
			dstPath = "";
			dstSubfolderSpec = 7;
			files = (
			);
			runOnlyForDeploymentPostprocessing = 0;
		};
/* End PBXCopyFilesBuildPhase section */

/* Begin PBXFileReference section */
		AA755FD87E3345BAA9EA5855 /* libCIMLua.a */ = {isa = PBXFileReference; includeInIndex = 1; lastKnownFileType = archive.ar; name = libCIMLua.a; path = "/Users/jean-luc/Library/Application Support/com.celedev.CodeFlow/iphoneos/libCIMLua.a"; sourceTree = "<absolute>"; };
		CE86548B59E1413987B3D739 /* CoreGraphics.framework */ = {isa = PBXFileReference; lastKnownFileType = wrapper.framework; name = CoreGraphics.framework; path = System/Library/Frameworks/CoreGraphics.framework; sourceTree = SDKROOT; };
		CEBC886901DD4D05BA234FFA /* MobileCoreServices.framework */ = {isa = PBXFileReference; lastKnownFileType = wrapper.framework; name = MobileCoreServices.framework; path = System/Library/Frameworks/MobileCoreServices.framework; sourceTree = SDKROOT; };
		E370A2865EDEF806AAD48D38 /* libCIMLuaBindingFoundation.a */ = {isa = PBXFileReference; includeInIndex = 1; lastKnownFileType = archive.ar; name = libCIMLuaBindingFoundation.a; path = "/Users/jean-luc/Library/Application Support/com.celedev.CodeFlow/iphoneos/iOS-8.3-SDK.luabindings/BindingLibs/libCIMLuaBindingFoundation.a"; sourceTree = "<absolute>"; };
		E563D851C4D64233A7481053 /* libCIMLuaDebugServerIOS.a */ = {isa = PBXFileReference; includeInIndex = 1; lastKnownFileType = archive.ar; name = libCIMLuaDebugServerIOS.a; path = "/Users/jean-luc/Library/Application Support/com.celedev.CodeFlow/iphoneos/libCIMLuaDebugServerIOS.a"; sourceTree = "<absolute>"; };
		EB8A3485439943489870295D /* UIKit.framework */ = {isa = PBXFileReference; lastKnownFileType = wrapper.framework; name = UIKit.framework; path = System/Library/Frameworks/UIKit.framework; sourceTree = SDKROOT; };
		F46B0E96072D83408516F5C4 /* libCIMLuaBindingUIKit.a */ = {isa = PBXFileReference; includeInIndex = 1; lastKnownFileType = archive.ar; name = libCIMLuaBindingUIKit.a; path = "/Users/jean-luc/Library/Application Support/com.celedev.CodeFlow/iphoneos/iOS-8.3-SDK.luabindings/BindingLibs/libCIMLuaBindingUIKit.a"; sourceTree = "<absolute>"; };
		FD455798170C5C0F0086A88D /* LuaNavController.app */ = {isa = PBXFileReference; explicitFileType = wrapper.application; includeInIndex = 0; path = LuaNavController.app; sourceTree = BUILT_PRODUCTS_DIR; };
		FD45579D170C5C0F0086A88D /* Foundation.framework */ = {isa = PBXFileReference; lastKnownFileType = wrapper.framework; name = Foundation.framework; path = System/Library/Frameworks/Foundation.framework; sourceTree = SDKROOT; };
		FD4557A3170C5C0F0086A88D /* LuaNavController-Info.plist */ = {isa = PBXFileReference; lastKnownFileType = text.plist.xml; path = "LuaNavController-Info.plist"; sourceTree = "<group>"; };
		FD4557A5170C5C0F0086A88D /* en */ = {isa = PBXFileReference; lastKnownFileType = text.plist.strings; name = en; path = en.lproj/InfoPlist.strings; sourceTree = "<group>"; };
		FD4557A7170C5C0F0086A88D /* main.m */ = {isa = PBXFileReference; lastKnownFileType = sourcecode.c.objc; path = main.m; sourceTree = "<group>"; };
		FD4557A9170C5C0F0086A88D /* LuaNavController-Prefix.pch */ = {isa = PBXFileReference; lastKnownFileType = sourcecode.c.h; path = "LuaNavController-Prefix.pch"; sourceTree = "<group>"; };
		FD4557AA170C5C0F0086A88D /* CIMAppDelegate.h */ = {isa = PBXFileReference; lastKnownFileType = sourcecode.c.h; path = CIMAppDelegate.h; sourceTree = "<group>"; };
		FD4557AB170C5C0F0086A88D /* CIMAppDelegate.m */ = {isa = PBXFileReference; lastKnownFileType = sourcecode.c.objc; path = CIMAppDelegate.m; sourceTree = "<group>"; };
		FD4557AF170C5C0F0086A88D /* Default@2x.png */ = {isa = PBXFileReference; lastKnownFileType = image.png; path = "Default@2x.png"; sourceTree = "<group>"; };
		FD4557B1170C5C0F0086A88D /* Default-568h@2x.png */ = {isa = PBXFileReference; lastKnownFileType = image.png; path = "Default-568h@2x.png"; sourceTree = "<group>"; };
		FD4557BD170C5C7D0086A88D /* MainWindow.xib */ = {isa = PBXFileReference; fileEncoding = 4; lastKnownFileType = file.xib; path = MainWindow.xib; sourceTree = "<group>"; };
		FD4557C3170C5CA50086A88D /* Default.png */ = {isa = PBXFileReference; lastKnownFileType = image.png; path = Default.png; sourceTree = "<group>"; };
		FD4C5F9A19E98EFE004DB02E /* DetailViewController.h */ = {isa = PBXFileReference; fileEncoding = 4; lastKnownFileType = sourcecode.c.h; path = DetailViewController.h; sourceTree = "<group>"; };
		FD4C5F9B19E98EFE004DB02E /* DetailViewController.m */ = {isa = PBXFileReference; fileEncoding = 4; lastKnownFileType = sourcecode.c.objc; path = DetailViewController.m; sourceTree = "<group>"; };
		FD4C5F9D19E991E5004DB02E /* DetailViewController.xib */ = {isa = PBXFileReference; fileEncoding = 4; lastKnownFileType = file.xib; name = DetailViewController.xib; path = Ressources/DetailViewController.xib; sourceTree = SOURCE_ROOT; };
		FDC547AA18DD9B39004EB442 /* fruit-basket.jpg */ = {isa = PBXFileReference; lastKnownFileType = image.jpeg; name = "fruit-basket.jpg"; path = "Ressources/fruit-basket.jpg"; sourceTree = SOURCE_ROOT; };
/* End PBXFileReference section */

/* Begin PBXFrameworksBuildPhase section */
		FD455795170C5C0F0086A88D /* Frameworks */ = {
			isa = PBXFrameworksBuildPhase;
			buildActionMask = 2147483647;
			files = (
				FD5D768218B65FA50011B871 /* Foundation.framework in Frameworks */,
				7CDA08890B354839B4F155D5 /* MobileCoreServices.framework in Frameworks */,
				8450A7FB2324418CA95D56F4 /* UIKit.framework in Frameworks */,
				8C4BF529F2424D1995F69CCB /* CoreGraphics.framework in Frameworks */,
				3FA3DFBC900D4294BD286891 /* libCIMLua.a in Frameworks */,
				C54ACE25E5BA4D1CBF84C203 /* libCIMLuaDebugServerIOS.a in Frameworks */,
				46B1EC57DA5C5911D8F114DD /* libCIMLuaBindingUIKit.a in Frameworks */,
				8EFB38310B6CC1A7F0594993 /* libCIMLuaBindingFoundation.a in Frameworks */,
			);
			runOnlyForDeploymentPostprocessing = 0;
		};
/* End PBXFrameworksBuildPhase section */

/* Begin PBXGroup section */
		FD45578F170C5C0F0086A88D = {
			isa = PBXGroup;
			children = (
				FD4557A1170C5C0F0086A88D /* LuaNavController */,
				FD45579A170C5C0F0086A88D /* Frameworks */,
				FD455799170C5C0F0086A88D /* Products */,
			);
			sourceTree = "<group>";
		};
		FD455799170C5C0F0086A88D /* Products */ = {
			isa = PBXGroup;
			children = (
				FD455798170C5C0F0086A88D /* LuaNavController.app */,
			);
			name = Products;
			sourceTree = "<group>";
		};
		FD45579A170C5C0F0086A88D /* Frameworks */ = {
			isa = PBXGroup;
			children = (
				FD45579D170C5C0F0086A88D /* Foundation.framework */,
				CEBC886901DD4D05BA234FFA /* MobileCoreServices.framework */,
				EB8A3485439943489870295D /* UIKit.framework */,
				CE86548B59E1413987B3D739 /* CoreGraphics.framework */,
				AA755FD87E3345BAA9EA5855 /* libCIMLua.a */,
				E563D851C4D64233A7481053 /* libCIMLuaDebugServerIOS.a */,
				F46B0E96072D83408516F5C4 /* libCIMLuaBindingUIKit.a */,
				E370A2865EDEF806AAD48D38 /* libCIMLuaBindingFoundation.a */,
			);
			name = Frameworks;
			sourceTree = "<group>";
		};
		FD4557A1170C5C0F0086A88D /* LuaNavController */ = {
			isa = PBXGroup;
			children = (
				FD4557AA170C5C0F0086A88D /* CIMAppDelegate.h */,
				FD4557AB170C5C0F0086A88D /* CIMAppDelegate.m */,
				FD4C5F9A19E98EFE004DB02E /* DetailViewController.h */,
				FD4C5F9B19E98EFE004DB02E /* DetailViewController.m */,
				FD4C5F9D19E991E5004DB02E /* DetailViewController.xib */,
				FD4557B8170C5C690086A88D /* Resources */,
				FD4557A2170C5C0F0086A88D /* Supporting Files */,
			);
			path = LuaNavController;
			sourceTree = "<group>";
		};
		FD4557A2170C5C0F0086A88D /* Supporting Files */ = {
			isa = PBXGroup;
			children = (
				FD4557A3170C5C0F0086A88D /* LuaNavController-Info.plist */,
				FD4557A4170C5C0F0086A88D /* InfoPlist.strings */,
				FD4557A7170C5C0F0086A88D /* main.m */,
				FD4557A9170C5C0F0086A88D /* LuaNavController-Prefix.pch */,
				FD4557C3170C5CA50086A88D /* Default.png */,
				FD4557AF170C5C0F0086A88D /* Default@2x.png */,
				FD4557B1170C5C0F0086A88D /* Default-568h@2x.png */,
			);
			name = "Supporting Files";
			sourceTree = "<group>";
		};
		FD4557B8170C5C690086A88D /* Resources */ = {
			isa = PBXGroup;
			children = (
				FDC547AA18DD9B39004EB442 /* fruit-basket.jpg */,
				FD4557BD170C5C7D0086A88D /* MainWindow.xib */,
			);
			name = Resources;
			sourceTree = "<group>";
		};
/* End PBXGroup section */

/* Begin PBXNativeTarget section */
		FD455797170C5C0F0086A88D /* LuaNavController */ = {
			isa = PBXNativeTarget;
			buildConfigurationList = FD4557B5170C5C0F0086A88D /* Build configuration list for PBXNativeTarget "LuaNavController" */;
			buildPhases = (
				FD455794170C5C0F0086A88D /* Sources */,
				FD455795170C5C0F0086A88D /* Frameworks */,
				FD455796170C5C0F0086A88D /* Resources */,
				FD6F461418E02E1A00208EF1 /* CopyFiles */,
			);
			buildRules = (
			);
			dependencies = (
			);
			name = LuaNavController;
			productName = TouchCells;
			productReference = FD455798170C5C0F0086A88D /* LuaNavController.app */;
			productType = "com.apple.product-type.application";
		};
/* End PBXNativeTarget section */

/* Begin PBXProject section */
		FD455790170C5C0F0086A88D /* Project object */ = {
			isa = PBXProject;
			attributes = {
				CLASSPREFIX = CIM;
				LastUpgradeCheck = 0510;
				ORGANIZATIONNAME = Celedev;
				TargetAttributes = {
					FD455797170C5C0F0086A88D = {
						DevelopmentTeam = 7V6VCE4Z4V;
					};
				};
			};
			buildConfigurationList = FD455793170C5C0F0086A88D /* Build configuration list for PBXProject "LuaNavController" */;
			compatibilityVersion = "Xcode 3.2";
			developmentRegion = English;
			hasScannedForEncodings = 0;
			knownRegions = (
				en,
			);
			mainGroup = FD45578F170C5C0F0086A88D;
			productRefGroup = FD455799170C5C0F0086A88D /* Products */;
			projectDirPath = "";
			projectRoot = "";
			targets = (
				FD455797170C5C0F0086A88D /* LuaNavController */,
			);
		};
/* End PBXProject section */

/* Begin PBXResourcesBuildPhase section */
		FD455796170C5C0F0086A88D /* Resources */ = {
			isa = PBXResourcesBuildPhase;
			buildActionMask = 2147483647;
			files = (
				FDC547AB18DD9B39004EB442 /* fruit-basket.jpg in Resources */,
				FD4557A6170C5C0F0086A88D /* InfoPlist.strings in Resources */,
				FD4C5F9E19E991E5004DB02E /* DetailViewController.xib in Resources */,
				FD4557B0170C5C0F0086A88D /* Default@2x.png in Resources */,
				FD4557B2170C5C0F0086A88D /* Default-568h@2x.png in Resources */,
				FD4557C2170C5C7D0086A88D /* MainWindow.xib in Resources */,
				FD4557C4170C5CA50086A88D /* Default.png in Resources */,
			);
			runOnlyForDeploymentPostprocessing = 0;
		};
/* End PBXResourcesBuildPhase section */

/* Begin PBXSourcesBuildPhase section */
		FD455794170C5C0F0086A88D /* Sources */ = {
			isa = PBXSourcesBuildPhase;
			buildActionMask = 2147483647;
			files = (
				FD4557A8170C5C0F0086A88D /* main.m in Sources */,
				FD4557AC170C5C0F0086A88D /* CIMAppDelegate.m in Sources */,
				FD4C5F9C19E98EFE004DB02E /* DetailViewController.m in Sources */,
			);
			runOnlyForDeploymentPostprocessing = 0;
		};
/* End PBXSourcesBuildPhase section */

/* Begin PBXVariantGroup section */
		FD4557A4170C5C0F0086A88D /* InfoPlist.strings */ = {
			isa = PBXVariantGroup;
			children = (
				FD4557A5170C5C0F0086A88D /* en */,
			);
			name = InfoPlist.strings;
			sourceTree = "<group>";
		};
/* End PBXVariantGroup section */

/* Begin XCBuildConfiguration section */
		FD4557B3170C5C0F0086A88D /* Debug */ = {
			isa = XCBuildConfiguration;
			buildSettings = {
				ALWAYS_SEARCH_USER_PATHS = NO;
				CLANG_CXX_LANGUAGE_STANDARD = "gnu++0x";
				CLANG_CXX_LIBRARY = "libc++";
				CLANG_ENABLE_OBJC_ARC = YES;
				CLANG_WARN_CONSTANT_CONVERSION = YES;
				CLANG_WARN_EMPTY_BODY = YES;
				CLANG_WARN_ENUM_CONVERSION = YES;
				CLANG_WARN_INT_CONVERSION = YES;
				CLANG_WARN__DUPLICATE_METHOD_MATCH = YES;
				"CODE_SIGN_IDENTITY[sdk=iphoneos*]" = "iPhone Developer";
				COPY_PHASE_STRIP = NO;
				GCC_C_LANGUAGE_STANDARD = gnu99;
				GCC_DYNAMIC_NO_PIC = NO;
				GCC_OPTIMIZATION_LEVEL = 0;
				GCC_PREPROCESSOR_DEFINITIONS = (
					"DEBUG=1",
					"$(inherited)",
				);
				GCC_SYMBOLS_PRIVATE_EXTERN = NO;
				GCC_WARN_ABOUT_RETURN_TYPE = YES;
				GCC_WARN_UNINITIALIZED_AUTOS = YES;
				GCC_WARN_UNUSED_VARIABLE = YES;
				IPHONEOS_DEPLOYMENT_TARGET = 6.0;
				ONLY_ACTIVE_ARCH = YES;
				SDKROOT = iphoneos;
			};
			name = Debug;
		};
		FD4557B4170C5C0F0086A88D /* Release */ = {
			isa = XCBuildConfiguration;
			buildSettings = {
				ALWAYS_SEARCH_USER_PATHS = NO;
				CLANG_CXX_LANGUAGE_STANDARD = "gnu++0x";
				CLANG_CXX_LIBRARY = "libc++";
				CLANG_ENABLE_OBJC_ARC = YES;
				CLANG_WARN_CONSTANT_CONVERSION = YES;
				CLANG_WARN_EMPTY_BODY = YES;
				CLANG_WARN_ENUM_CONVERSION = YES;
				CLANG_WARN_INT_CONVERSION = YES;
				CLANG_WARN__DUPLICATE_METHOD_MATCH = YES;
				"CODE_SIGN_IDENTITY[sdk=iphoneos*]" = "iPhone Developer";
				COPY_PHASE_STRIP = YES;
				GCC_C_LANGUAGE_STANDARD = gnu99;
				GCC_WARN_ABOUT_RETURN_TYPE = YES;
				GCC_WARN_UNINITIALIZED_AUTOS = YES;
				GCC_WARN_UNUSED_VARIABLE = YES;
				IPHONEOS_DEPLOYMENT_TARGET = 6.0;
				OTHER_CFLAGS = "-DNS_BLOCK_ASSERTIONS=1";
				SDKROOT = iphoneos;
				VALIDATE_PRODUCT = YES;
			};
			name = Release;
		};
		FD4557B6170C5C0F0086A88D /* Debug */ = {
			isa = XCBuildConfiguration;
			buildSettings = {
				CODE_SIGN_IDENTITY = "iPhone Developer";
				"CODE_SIGN_IDENTITY[sdk=iphoneos*]" = "iPhone Developer";
				GCC_PRECOMPILE_PREFIX_HEADER = YES;
				GCC_PREFIX_HEADER = "LuaNavController/LuaNavController-Prefix.pch";
				HEADER_SEARCH_PATHS = (
					"$(USER_LIBRARY_DIR)/Application\\ Support/com.celedev.CodeFlow/iphoneos/include",
					"$(USER_LIBRARY_DIR)/Application\\ Support/com.celedev.CodeFlow/headers",
				);
				INFOPLIST_FILE = "LuaNavController/LuaNavController-Info.plist";
				LIBRARY_SEARCH_PATHS = (
					"$(USER_LIBRARY_DIR)/Application\\ Support/com.celedev.CodeFlow/iphoneos",
					"$(USER_LIBRARY_DIR)/Application\\ Support/com.celedev.CodeFlow/iphoneos/iOS-8.3-SDK.luabindings/BindingLibs",
				);
				OTHER_LDFLAGS = "-ObjC";
				PRODUCT_NAME = LuaNavController;
				PROVISIONING_PROFILE = "";
				WRAPPER_EXTENSION = app;
			};
			name = Debug;
		};
		FD4557B7170C5C0F0086A88D /* Release */ = {
			isa = XCBuildConfiguration;
			buildSettings = {
				CODE_SIGN_IDENTITY = "iPhone Developer";
				"CODE_SIGN_IDENTITY[sdk=iphoneos*]" = "iPhone Developer";
				GCC_PRECOMPILE_PREFIX_HEADER = YES;
				GCC_PREFIX_HEADER = "LuaNavController/LuaNavController-Prefix.pch";
				HEADER_SEARCH_PATHS = (
					"$(USER_LIBRARY_DIR)/Application\\ Support/com.celedev.CodeFlow/iphoneos/include",
					"$(USER_LIBRARY_DIR)/Application\\ Support/com.celedev.CodeFlow/headers",
				);
				INFOPLIST_FILE = "LuaNavController/LuaNavController-Info.plist";
				LIBRARY_SEARCH_PATHS = (
					"$(USER_LIBRARY_DIR)/Application\\ Support/com.celedev.CodeFlow/iphoneos",
					"$(USER_LIBRARY_DIR)/Application\\ Support/com.celedev.CodeFlow/iphoneos/iOS-8.3-SDK.luabindings/BindingLibs",
				);
				OTHER_LDFLAGS = "-ObjC";
				PRODUCT_NAME = LuaNavController;
				PROVISIONING_PROFILE = "";
				WRAPPER_EXTENSION = app;
			};
			name = Release;
		};
/* End XCBuildConfiguration section */

/* Begin XCConfigurationList section */
		FD455793170C5C0F0086A88D /* Build configuration list for PBXProject "LuaNavController" */ = {
			isa = XCConfigurationList;
			buildConfigurations = (
				FD4557B3170C5C0F0086A88D /* Debug */,
				FD4557B4170C5C0F0086A88D /* Release */,
			);
			defaultConfigurationIsVisible = 0;
			defaultConfigurationName = Release;
		};
		FD4557B5170C5C0F0086A88D /* Build configuration list for PBXNativeTarget "LuaNavController" */ = {
			isa = XCConfigurationList;
			buildConfigurations = (
				FD4557B6170C5C0F0086A88D /* Debug */,
				FD4557B7170C5C0F0086A88D /* Release */,
			);
			defaultConfigurationIsVisible = 0;
			defaultConfigurationName = Release;
		};
/* End XCConfigurationList section */
	};
	rootObject = FD455790170C5C0F0086A88D /* Project object */;
}
